github.com/JetSetIlly/imgui-go/v2 v2.2.1-0.20200317095507-51a6e45b93a9 h1:HlgZD7Z+nJwx+HMtHvMNcG6SipWsSXMTA03h1sH3ixg=
github.com/JetSetIlly/imgui-go/v2 v2.2.1-0.20200317095507-51a6e45b93a9/go.mod h1:cwQKd6U2onyuT5qwSC3DKCRsUE1SQ58TSVVpLoW/pDs=
github.com/davecgh/go-spew v1.1.0/go.mod h1:J7Y8YcW2NihsgmVo/mv3lAwl/skON4iLHjSsI+c5H38=
github.com/go-audio/audio v1.0.0 h1:zS9vebldgbQqktK4H0lUqWrG8P0NxCJVqcj7ZpNnwd4=
github.com/go-audio/audio v1.0.0/go.mod h1:6uAu0+H2lHkwdGsAY+j2wHPNPpPoeg5AaEFh9FlA+Zs=
github.com/go-audio/riff v1.0.0 h1:d8iCGbDvox9BfLagY94fBynxSPHO80LmZCaOsmKxokA=
github.com/go-audio/riff v1.0.0/go.mod h1:l3cQwc85y79NQFCRB7TiPoNiaijp6q8Z0Uv38rVG498=
github.com/go-audio/wav v1.0.0 h1:WdSGLhtyud6bof6XHL28xKeCQRzCV06pOFo3LZsFdyE=
github.com/go-audio/wav v1.0.0/go.mod h1:3yoReyQOsiARkvPl3ERCi8JFjihzG6WhjYpZCf5zAWE=
github.com/go-gl/gl v0.0.0-20190320180904-bf2b1f2f34d7 h1:SCYMcCJ89LjRGwEa0tRluNRiMjZHalQZrVrvTbPh+qw=
github.com/go-gl/gl v0.0.0-20190320180904-bf2b1f2f34d7/go.mod h1:482civXOzJJCPzJ4ZOX/pwvXBWSnzD4OKMdH4ClKGbk=
github.com/inkyblackness/imgui-go/v2 v2.3.0 h1:AK37pUuPO3Uh+/5Kln5DZKGGApMgrqw8vyt0R2r0ork=
github.com/inkyblackness/imgui-go/v2 v2.3.0/go.mod h1:cwQKd6U2onyuT5qwSC3DKCRsUE1SQ58TSVVpLoW/pDs=
github.com/inkyblackness/imgui-go/v2 v2.4.0 h1:Trb694GPM+ImDgJaOoEXNWk0ofvI1R05JFGTB6PLFH4=
github.com/inkyblackness/imgui-go/v2 v2.4.0/go.mod h1:cwQKd6U2onyuT5qwSC3DKCRsUE1SQ58TSVVpLoW/pDs=
github.com/inkyblackness/imgui-go/v2 v2.4.1 h1:yD6m1xqTNl/HF0M4ceN1HNhUKRrk+SU7nbGs2KNOXUA=
github.com/inkyblackness/imgui-go/v2 v2.4.1/go.mod h1:cwQKd6U2onyuT5qwSC3DKCRsUE1SQ58TSVVpLoW/pDs=
github.com/pkg/term v0.0.0-20190109203006-aa71e9d9e942 h1:A7GG7zcGjl3jqAqGPmcNjd/D9hzL95SuoOQAaFNdLU0=
github.com/pkg/term v0.0.0-20190109203006-aa71e9d9e942/go.mod h1:eCbImbZ95eXtAUIbLAuAVnBnwf83mjf6QIVH8SHYwqQ=
github.com/pmezard/go-difflib v1.0.0/go.mod h1:iKH77koFhYxTK1pcRnkKkqfTogsbg7gZNVY4sRDYZ/4=
github.com/stretchr/objx v0.1.0/go.mod h1:HFkY916IF+rwdDfMAkV7OtwuqBVzrE8GR6GFx+wExME=
github.com/stretchr/testify v1.3.0/go.mod h1:M5WIy9Dh21IEIfnGCwXGc5bZfKNJtfHm1UVUgZn+9EI=
github.com/veandco/go-sdl2 v0.4.1 h1:HmSBvVmKWI8LAOeCfTTM8R33rMyPcs6U3o8n325c9Qg=
github.com/veandco/go-sdl2 v0.4.1/go.mod h1:FB+kTpX9YTE+urhYiClnRzpOXbiWgaU3+5F2AB78DPg=
github.com/veandco/go-sdl2 v0.4.4 h1:coOJGftOdvNvGoUIZmm4XD+ZRQF4mg9ZVHmH3/42zFQ=
github.com/veandco/go-sdl2 v0.4.4/go.mod h1:FB+kTpX9YTE+urhYiClnRzpOXbiWgaU3+5F2AB78DPg=
