github.com/JetSetIlly/imgui-go/v2 v2.2.1-0.20200317095507-51a6e45b93a9 h1:HlgZD7Z+nJwx+HMtHvMNcG6SipWsSXMTA03h1sH3ixg=
github.com/JetSetIlly/imgui-go/v2 v2.2.1-0.20200317095507-51a6e45b93a9/go.mod h1:cwQKd6U2onyuT5qwSC3DKCRsUE1SQ58TSVVpLoW/pDs=
github.com/JetSetIlly/imgui-go/v2 v2.5.1-0.20200908212545-256edfd69d7e h1:FTmFTQpdIeKW3+AagXPtbP9e3c8VSVX5hAHOksItomo=
github.com/JetSetIlly/imgui-go/v2 v2.5.1-0.20200908212545-256edfd69d7e/go.mod h1:cwQKd6U2onyuT5qwSC3DKCRsUE1SQ58TSVVpLoW/pDs=
github.com/JetSetIlly/imgui-go/v2 v2.5.1-0.20200908214833-6825511d393c h1:WW9VyAIlvaO4/EkmjzJZu0KPt7s+fmLPaSWP5K5AVDA=
github.com/JetSetIlly/imgui-go/v2 v2.5.1-0.20200908214833-6825511d393c/go.mod h1:cwQKd6U2onyuT5qwSC3DKCRsUE1SQ58TSVVpLoW/pDs=
github.com/bradleyjkemp/cupaloy/v2 v2.5.0/go.mod h1:TD5UU0rdYTbu/TtuwFuWrtiRARuN7mtRipvs/bsShSE=
github.com/bradleyjkemp/memviz v0.2.3 h1:8fqKnV1xQz4NQkDy5Gklhm9fGtUK+R3oW0z1unBDFGY=
github.com/bradleyjkemp/memviz v0.2.3/go.mod h1:meU694rvawW7NqtNLtlg+TEU+UqAjrbJayEPZQUSOBs=
github.com/davecgh/go-spew v1.1.0/go.mod h1:J7Y8YcW2NihsgmVo/mv3lAwl/skON4iLHjSsI+c5H38=
github.com/davecgh/go-spew v1.1.1/go.mod h1:J7Y8YcW2NihsgmVo/mv3lAwl/skON4iLHjSsI+c5H38=
github.com/go-audio/audio v1.0.0 h1:zS9vebldgbQqktK4H0lUqWrG8P0NxCJVqcj7ZpNnwd4=
github.com/go-audio/audio v1.0.0/go.mod h1:6uAu0+H2lHkwdGsAY+j2wHPNPpPoeg5AaEFh9FlA+Zs=
github.com/go-audio/riff v1.0.0 h1:d8iCGbDvox9BfLagY94fBynxSPHO80LmZCaOsmKxokA=
github.com/go-audio/riff v1.0.0/go.mod h1:l3cQwc85y79NQFCRB7TiPoNiaijp6q8Z0Uv38rVG498=
github.com/go-audio/wav v1.0.0 h1:WdSGLhtyud6bof6XHL28xKeCQRzCV06pOFo3LZsFdyE=
github.com/go-audio/wav v1.0.0/go.mod h1:3yoReyQOsiARkvPl3ERCi8JFjihzG6WhjYpZCf5zAWE=
github.com/go-gl/gl v0.0.0-20190320180904-bf2b1f2f34d7 h1:SCYMcCJ89LjRGwEa0tRluNRiMjZHalQZrVrvTbPh+qw=
github.com/go-gl/gl v0.0.0-20190320180904-bf2b1f2f34d7/go.mod h1:482civXOzJJCPzJ4ZOX/pwvXBWSnzD4OKMdH4ClKGbk=
github.com/hajimehoshi/go-mp3 v0.3.1 h1:pn/SKU1+/rfK8KaZXdGEC2G/KCB2aLRjbTCrwKcokao=
github.com/hajimehoshi/go-mp3 v0.3.1/go.mod h1:qMJj/CSDxx6CGHiZeCgbiq2DSUkbK0UbtXShQcnfyMM=
github.com/hajimehoshi/oto v0.6.1/go.mod h1:0QXGEkbuJRohbJaxr7ZQSxnju7hEhseiPx2hrh6raOI=
github.com/inkyblackness/imgui-go/v2 v2.3.0 h1:AK37pUuPO3Uh+/5Kln5DZKGGApMgrqw8vyt0R2r0ork=
github.com/inkyblackness/imgui-go/v2 v2.3.0/go.mod h1:cwQKd6U2onyuT5qwSC3DKCRsUE1SQ58TSVVpLoW/pDs=
github.com/inkyblackness/imgui-go/v2 v2.4.0 h1:Trb694GPM+ImDgJaOoEXNWk0ofvI1R05JFGTB6PLFH4=
github.com/inkyblackness/imgui-go/v2 v2.4.0/go.mod h1:cwQKd6U2onyuT5qwSC3DKCRsUE1SQ58TSVVpLoW/pDs=
github.com/inkyblackness/imgui-go/v2 v2.4.1 h1:yD6m1xqTNl/HF0M4ceN1HNhUKRrk+SU7nbGs2KNOXUA=
github.com/inkyblackness/imgui-go/v2 v2.4.1/go.mod h1:cwQKd6U2onyuT5qwSC3DKCRsUE1SQ58TSVVpLoW/pDs=
github.com/inkyblackness/imgui-go/v2 v2.5.0 h1:kz7oO/di/TmxHKgh5So+RyOgWMtK4jLfGKrpRKi/JQM=
github.com/inkyblackness/imgui-go/v2 v2.5.0/go.mod h1:cwQKd6U2onyuT5qwSC3DKCRsUE1SQ58TSVVpLoW/pDs=
github.com/inkyblackness/imgui-go/v2 v2.5.1-0.20200909052151-c2b62c6be2a7 h1:rYHbANjC8SF9JP7n85+f9tgUm8Akvdc7wUhLDA0Whj4=
github.com/inkyblackness/imgui-go/v2 v2.5.1-0.20200909052151-c2b62c6be2a7/go.mod h1:cwQKd6U2onyuT5qwSC3DKCRsUE1SQ58TSVVpLoW/pDs=
github.com/pkg/term v0.0.0-20190109203006-aa71e9d9e942 h1:A7GG7zcGjl3jqAqGPmcNjd/D9hzL95SuoOQAaFNdLU0=
github.com/pkg/term v0.0.0-20190109203006-aa71e9d9e942/go.mod h1:eCbImbZ95eXtAUIbLAuAVnBnwf83mjf6QIVH8SHYwqQ=
github.com/pmezard/go-difflib v1.0.0/go.mod h1:iKH77koFhYxTK1pcRnkKkqfTogsbg7gZNVY4sRDYZ/4=
github.com/stretchr/objx v0.1.0/go.mod h1:HFkY916IF+rwdDfMAkV7OtwuqBVzrE8GR6GFx+wExME=
github.com/stretchr/objx v0.1.1/go.mod h1:HFkY916IF+rwdDfMAkV7OtwuqBVzrE8GR6GFx+wExME=
github.com/stretchr/testify v1.2.2/go.mod h1:a8OnRcib4nhh0OaRAV+Yts87kKdq0PP7pXfy6kDkUVs=
github.com/stretchr/testify v1.3.0/go.mod h1:M5WIy9Dh21IEIfnGCwXGc5bZfKNJtfHm1UVUgZn+9EI=
github.com/veandco/go-sdl2 v0.4.1 h1:HmSBvVmKWI8LAOeCfTTM8R33rMyPcs6U3o8n325c9Qg=
github.com/veandco/go-sdl2 v0.4.1/go.mod h1:FB+kTpX9YTE+urhYiClnRzpOXbiWgaU3+5F2AB78DPg=
github.com/veandco/go-sdl2 v0.4.4 h1:coOJGftOdvNvGoUIZmm4XD+ZRQF4mg9ZVHmH3/42zFQ=
github.com/veandco/go-sdl2 v0.4.4/go.mod h1:FB+kTpX9YTE+urhYiClnRzpOXbiWgaU3+5F2AB78DPg=
golang.org/x/exp v0.0.0-20190306152737-a1d7652674e8/go.mod h1:CJ0aWSM057203Lf6IL+f9T1iT9GByDxfZKAQTCR3kQA=
golang.org/x/image v0.0.0-20190227222117-0694c2d4d067/go.mod h1:kZ7UVZpmo3dzQBMxlp+ypCbDeSB+sBbTgSJuh5dn5js=
golang.org/x/mobile v0.0.0-20190415191353-3e0bab5405d6/go.mod h1:E/iHnbuqvinMTCcRqshq8CkpyQDoeVncDDYHnLhea+o=
golang.org/x/sys v0.0.0-20190312061237-fead79001313/go.mod h1:h1NjWce9XRLGQEsW7wpKNCjG9DtNlClVuFLEZdDNbEs=
golang.org/x/sys v0.0.0-20190429190828-d89cdac9e872/go.mod h1:h1NjWce9XRLGQEsW7wpKNCjG9DtNlClVuFLEZdDNbEs=
golang.org/x/text v0.3.0/go.mod h1:NqM8EUOU14njkJ3fqMW+pc6Ldnwhi/IjpwHt7yyuwOQ=
